{
  "packages": [
    {
      "name": "vendor/a",
      "version": "1.0.0",
      "require": { "php": ">=8.1 <8.3" },
      "source": { "url": "https://github.com/vendor/a.git", "reference": "aaa" }
    },
    {
      "name": "vendor/b",
      "version": "2.4.0",
      "require": { "php": "^8.1 || ^8.3" },
      "source": { "url": "https://github.com/vendor/b.git", "reference": "bbb" }
    }
  ],
  "packages-dev": [
    {
      "name": "vendor/dev",
      "version": "1.0.0",
      "require": { "php": "^8.1" },
      "source": { "url": "https://github.com/vendor/dev.git", "reference": "ddd" }
    }
  ]
}
